// !$*UTF8*$!
{
	archiveVersion = 1;
	classes = {
	};
	objectVersion = 55;
	objects = {

/* Begin PBXBuildFile section */
		9A615347271EA68900986EFE /* AppDelegate.swift in Sources */ = {isa = PBXBuildFile; fileRef = 9A615346271EA68900986EFE /* AppDelegate.swift */; };
		9A615349271EA68900986EFE /* SceneDelegate.swift in Sources */ = {isa = PBXBuildFile; fileRef = 9A615348271EA68900986EFE /* SceneDelegate.swift */; };
		9A61534B271EA68900986EFE /* ViewController.swift in Sources */ = {isa = PBXBuildFile; fileRef = 9A61534A271EA68900986EFE /* ViewController.swift */; };
		9A61534E271EA68900986EFE /* Main.storyboard in Resources */ = {isa = PBXBuildFile; fileRef = 9A61534C271EA68900986EFE /* Main.storyboard */; };
		9A615350271EA68A00986EFE /* Assets.xcassets in Resources */ = {isa = PBXBuildFile; fileRef = 9A61534F271EA68A00986EFE /* Assets.xcassets */; };
		9A615353271EA68A00986EFE /* LaunchScreen.storyboard in Resources */ = {isa = PBXBuildFile; fileRef = 9A615351271EA68A00986EFE /* LaunchScreen.storyboard */; };
		9A7755ED2721934600B90F9F /* InternalService.m in Sources */ = {isa = PBXBuildFile; fileRef = 9A7755EC2721934600B90F9F /* InternalService.m */; };
		9A7755F02721958900B90F9F /* CoreDataLayer.m in Sources */ = {isa = PBXBuildFile; fileRef = 9A7755EF2721958900B90F9F /* CoreDataLayer.m */; };
/* End PBXBuildFile section */

/* Begin PBXFileReference section */
		9A615343271EA68900986EFE /* OperationQueueLeak.app */ = {isa = PBXFileReference; explicitFileType = wrapper.application; includeInIndex = 0; path = OperationQueueLeak.app; sourceTree = BUILT_PRODUCTS_DIR; };
		9A615346271EA68900986EFE /* AppDelegate.swift */ = {isa = PBXFileReference; lastKnownFileType = sourcecode.swift; path = AppDelegate.swift; sourceTree = "<group>"; };
		9A615348271EA68900986EFE /* SceneDelegate.swift */ = {isa = PBXFileReference; lastKnownFileType = sourcecode.swift; path = SceneDelegate.swift; sourceTree = "<group>"; };
		9A61534A271EA68900986EFE /* ViewController.swift */ = {isa = PBXFileReference; lastKnownFileType = sourcecode.swift; path = ViewController.swift; sourceTree = "<group>"; };
		9A61534D271EA68900986EFE /* Base */ = {isa = PBXFileReference; lastKnownFileType = file.storyboard; name = Base; path = Base.lproj/Main.storyboard; sourceTree = "<group>"; };
		9A61534F271EA68A00986EFE /* Assets.xcassets */ = {isa = PBXFileReference; lastKnownFileType = folder.assetcatalog; path = Assets.xcassets; sourceTree = "<group>"; };
		9A615352271EA68A00986EFE /* Base */ = {isa = PBXFileReference; lastKnownFileType = file.storyboard; name = Base; path = Base.lproj/LaunchScreen.storyboard; sourceTree = "<group>"; };
		9A615354271EA68A00986EFE /* Info.plist */ = {isa = PBXFileReference; lastKnownFileType = text.plist.xml; path = Info.plist; sourceTree = "<group>"; };
		9A7755EA2721934600B90F9F /* OperationQueueLeak-Bridging-Header.h */ = {isa = PBXFileReference; lastKnownFileType = sourcecode.c.h; path = "OperationQueueLeak-Bridging-Header.h"; sourceTree = "<group>"; };
		9A7755EB2721934600B90F9F /* InternalService.h */ = {isa = PBXFileReference; lastKnownFileType = sourcecode.c.h; path = InternalService.h; sourceTree = "<group>"; };
		9A7755EC2721934600B90F9F /* InternalService.m */ = {isa = PBXFileReference; lastKnownFileType = sourcecode.c.objc; path = InternalService.m; sourceTree = "<group>"; };
		9A7755EE2721958900B90F9F /* CoreDataLayer.h */ = {isa = PBXFileReference; lastKnownFileType = sourcecode.c.h; path = CoreDataLayer.h; sourceTree = "<group>"; };
		9A7755EF2721958900B90F9F /* CoreDataLayer.m */ = {isa = PBXFileReference; lastKnownFileType = sourcecode.c.objc; path = CoreDataLayer.m; sourceTree = "<group>"; };
/* End PBXFileReference section */

/* Begin PBXFrameworksBuildPhase section */
		9A615340271EA68900986EFE /* Frameworks */ = {
			isa = PBXFrameworksBuildPhase;
			buildActionMask = 2147483647;
			files = (
			);
			runOnlyForDeploymentPostprocessing = 0;
		};
/* End PBXFrameworksBuildPhase section */

/* Begin PBXGroup section */
		9A61533A271EA68900986EFE = {
			isa = PBXGroup;
			children = (
				9A615345271EA68900986EFE /* OperationQueueLeak */,
				9A615344271EA68900986EFE /* Products */,
			);
			sourceTree = "<group>";
		};
		9A615344271EA68900986EFE /* Products */ = {
			isa = PBXGroup;
			children = (
				9A615343271EA68900986EFE /* OperationQueueLeak.app */,
			);
			name = Products;
			sourceTree = "<group>";
		};
		9A615345271EA68900986EFE /* OperationQueueLeak */ = {
			isa = PBXGroup;
			children = (
				9A615346271EA68900986EFE /* AppDelegate.swift */,
				9A615348271EA68900986EFE /* SceneDelegate.swift */,
				9A61534A271EA68900986EFE /* ViewController.swift */,
				9A7755EB2721934600B90F9F /* InternalService.h */,
				9A7755EE2721958900B90F9F /* CoreDataLayer.h */,
				9A7755EF2721958900B90F9F /* CoreDataLayer.m */,
				9A7755EC2721934600B90F9F /* InternalService.m */,
				9A61534C271EA68900986EFE /* Main.storyboard */,
				9A61534F271EA68A00986EFE /* Assets.xcassets */,
				9A615351271EA68A00986EFE /* LaunchScreen.storyboard */,
				9A615354271EA68A00986EFE /* Info.plist */,
				9A7755EA2721934600B90F9F /* OperationQueueLeak-Bridging-Header.h */,
			);
			path = OperationQueueLeak;
			sourceTree = "<group>";
		};
/* End PBXGroup section */

/* Begin PBXNativeTarget section */
		9A615342271EA68900986EFE /* OperationQueueLeak */ = {
			isa = PBXNativeTarget;
			buildConfigurationList = 9A615357271EA68A00986EFE /* Build configuration list for PBXNativeTarget "OperationQueueLeak" */;
			buildPhases = (
				9A61533F271EA68900986EFE /* Sources */,
				9A615340271EA68900986EFE /* Frameworks */,
				9A615341271EA68900986EFE /* Resources */,
			);
			buildRules = (
			);
			dependencies = (
			);
			name = OperationQueueLeak;
			productName = OperationQueueLeak;
			productReference = 9A615343271EA68900986EFE /* OperationQueueLeak.app */;
			productType = "com.apple.product-type.application";
		};
/* End PBXNativeTarget section */

/* Begin PBXProject section */
		9A61533B271EA68900986EFE /* Project object */ = {
			isa = PBXProject;
			attributes = {
				BuildIndependentTargetsInParallel = 1;
				LastSwiftUpdateCheck = 1300;
				LastUpgradeCheck = 1300;
				TargetAttributes = {
					9A615342271EA68900986EFE = {
						CreatedOnToolsVersion = 13.0;
						LastSwiftMigration = 1300;
					};
				};
			};
			buildConfigurationList = 9A61533E271EA68900986EFE /* Build configuration list for PBXProject "OperationQueueLeak" */;
			compatibilityVersion = "Xcode 13.0";
			developmentRegion = en;
			hasScannedForEncodings = 0;
			knownRegions = (
				en,
				Base,
			);
			mainGroup = 9A61533A271EA68900986EFE;
			productRefGroup = 9A615344271EA68900986EFE /* Products */;
			projectDirPath = "";
			projectRoot = "";
			targets = (
				9A615342271EA68900986EFE /* OperationQueueLeak */,
			);
		};
/* End PBXProject section */

/* Begin PBXResourcesBuildPhase section */
		9A615341271EA68900986EFE /* Resources */ = {
			isa = PBXResourcesBuildPhase;
			buildActionMask = 2147483647;
			files = (
				9A615353271EA68A00986EFE /* LaunchScreen.storyboard in Resources */,
				9A615350271EA68A00986EFE /* Assets.xcassets in Resources */,
				9A61534E271EA68900986EFE /* Main.storyboard in Resources */,
			);
			runOnlyForDeploymentPostprocessing = 0;
		};
/* End PBXResourcesBuildPhase section */

/* Begin PBXSourcesBuildPhase section */
		9A61533F271EA68900986EFE /* Sources */ = {
			isa = PBXSourcesBuildPhase;
			buildActionMask = 2147483647;
			files = (
				9A61534B271EA68900986EFE /* ViewController.swift in Sources */,
				9A615347271EA68900986EFE /* AppDelegate.swift in Sources */,
				9A7755F02721958900B90F9F /* CoreDataLayer.m in Sources */,
				9A7755ED2721934600B90F9F /* InternalService.m in Sources */,
				9A615349271EA68900986EFE /* SceneDelegate.swift in Sources */,
			);
			runOnlyForDeploymentPostprocessing = 0;
		};
/* End PBXSourcesBuildPhase section */

/* Begin PBXVariantGroup section */
		9A61534C271EA68900986EFE /* Main.storyboard */ = {
			isa = PBXVariantGroup;
			children = (
				9A61534D271EA68900986EFE /* Base */,
			);
			name = Main.storyboard;
			sourceTree = "<group>";
		};
		9A615351271EA68A00986EFE /* LaunchScreen.storyboard */ = {
			isa = PBXVariantGroup;
			children = (
				9A615352271EA68A00986EFE /* Base */,
			);
			name = LaunchScreen.storyboard;
			sourceTree = "<group>";
		};
/* End PBXVariantGroup section */

/* Begin XCBuildConfiguration section */
		9A615355271EA68A00986EFE /* Debug */ = {
			isa = XCBuildConfiguration;
			buildSettings = {
				ALWAYS_SEARCH_USER_PATHS = NO;
				CLANG_ANALYZER_NONNULL = YES;
				CLANG_ANALYZER_NUMBER_OBJECT_CONVERSION = YES_AGGRESSIVE;
				CLANG_CXX_LANGUAGE_STANDARD = "gnu++17";
				CLANG_CXX_LIBRARY = "libc++";
				CLANG_ENABLE_MODULES = YES;
				CLANG_ENABLE_OBJC_ARC = YES;
				CLANG_ENABLE_OBJC_WEAK = YES;
				CLANG_WARN_BLOCK_CAPTURE_AUTORELEASING = YES;
				CLANG_WARN_BOOL_CONVERSION = YES;
				CLANG_WARN_COMMA = YES;
				CLANG_WARN_CONSTANT_CONVERSION = YES;
				CLANG_WARN_DEPRECATED_OBJC_IMPLEMENTATIONS = YES;
				CLANG_WARN_DIRECT_OBJC_ISA_USAGE = YES_ERROR;
				CLANG_WARN_DOCUMENTATION_COMMENTS = YES;
				CLANG_WARN_EMPTY_BODY = YES;
				CLANG_WARN_ENUM_CONVERSION = YES;
				CLANG_WARN_INFINITE_RECURSION = YES;
				CLANG_WARN_INT_CONVERSION = YES;
				CLANG_WARN_NON_LITERAL_NULL_CONVERSION = YES;
				CLANG_WARN_OBJC_IMPLICIT_RETAIN_SELF = YES;
				CLANG_WARN_OBJC_LITERAL_CONVERSION = YES;
				CLANG_WARN_OBJC_ROOT_CLASS = YES_ERROR;
				CLANG_WARN_QUOTED_INCLUDE_IN_FRAMEWORK_HEADER = YES;
				CLANG_WARN_RANGE_LOOP_ANALYSIS = YES;
				CLANG_WARN_STRICT_PROTOTYPES = YES;
				CLANG_WARN_SUSPICIOUS_MOVE = YES;
				CLANG_WARN_UNGUARDED_AVAILABILITY = YES_AGGRESSIVE;
				CLANG_WARN_UNREACHABLE_CODE = YES;
				CLANG_WARN__DUPLICATE_METHOD_MATCH = YES;
				COPY_PHASE_STRIP = NO;
				DEBUG_INFORMATION_FORMAT = dwarf;
				ENABLE_STRICT_OBJC_MSGSEND = YES;
				ENABLE_TESTABILITY = YES;
				GCC_C_LANGUAGE_STANDARD = gnu11;
				GCC_DYNAMIC_NO_PIC = NO;
				GCC_NO_COMMON_BLOCKS = YES;
				GCC_OPTIMIZATION_LEVEL = 0;
				GCC_PREPROCESSOR_DEFINITIONS = (
					"DEBUG=1",
					"$(inherited)",
				);
				GCC_WARN_64_TO_32_BIT_CONVERSION = YES;
				GCC_WARN_ABOUT_RETURN_TYPE = YES_ERROR;
				GCC_WARN_UNDECLARED_SELECTOR = YES;
				GCC_WARN_UNINITIALIZED_AUTOS = YES_AGGRESSIVE;
				GCC_WARN_UNUSED_FUNCTION = YES;
				GCC_WARN_UNUSED_VARIABLE = YES;
				IPHONEOS_DEPLOYMENT_TARGET = 15.0;
				MTL_ENABLE_DEBUG_INFO = INCLUDE_SOURCE;
				MTL_FAST_MATH = YES;
				ONLY_ACTIVE_ARCH = YES;
				SDKROOT = iphoneos;
				SWIFT_ACTIVE_COMPILATION_CONDITIONS = DEBUG;
				SWIFT_OPTIMIZATION_LEVEL = "-Onone";
			};
			name = Debug;
		};
		9A615356271EA68A00986EFE /* Release */ = {
			isa = XCBuildConfiguration;
			buildSettings = {
				ALWAYS_SEARCH_USER_PATHS = NO;
				CLANG_ANALYZER_NONNULL = YES;
				CLANG_ANALYZER_NUMBER_OBJECT_CONVERSION = YES_AGGRESSIVE;
				CLANG_CXX_LANGUAGE_STANDARD = "gnu++17";
				CLANG_CXX_LIBRARY = "libc++";
				CLANG_ENABLE_MODULES = YES;
				CLANG_ENABLE_OBJC_ARC = YES;
				CLANG_ENABLE_OBJC_WEAK = YES;
				CLANG_WARN_BLOCK_CAPTURE_AUTORELEASING = YES;
				CLANG_WARN_BOOL_CONVERSION = YES;
				CLANG_WARN_COMMA = YES;
				CLANG_WARN_CONSTANT_CONVERSION = YES;
				CLANG_WARN_DEPRECATED_OBJC_IMPLEMENTATIONS = YES;
				CLANG_WARN_DIRECT_OBJC_ISA_USAGE = YES_ERROR;
				CLANG_WARN_DOCUMENTATION_COMMENTS = YES;
				CLANG_WARN_EMPTY_BODY = YES;
				CLANG_WARN_ENUM_CONVERSION = YES;
				CLANG_WARN_INFINITE_RECURSION = YES;
				CLANG_WARN_INT_CONVERSION = YES;
				CLANG_WARN_NON_LITERAL_NULL_CONVERSION = YES;
				CLANG_WARN_OBJC_IMPLICIT_RETAIN_SELF = YES;
				CLANG_WARN_OBJC_LITERAL_CONVERSION = YES;
				CLANG_WARN_OBJC_ROOT_CLASS = YES_ERROR;
				CLANG_WARN_QUOTED_INCLUDE_IN_FRAMEWORK_HEADER = YES;
				CLANG_WARN_RANGE_LOOP_ANALYSIS = YES;
				CLANG_WARN_STRICT_PROTOTYPES = YES;
				CLANG_WARN_SUSPICIOUS_MOVE = YES;
				CLANG_WARN_UNGUARDED_AVAILABILITY = YES_AGGRESSIVE;
				CLANG_WARN_UNREACHABLE_CODE = YES;
				CLANG_WARN__DUPLICATE_METHOD_MATCH = YES;
				COPY_PHASE_STRIP = NO;
				DEBUG_INFORMATION_FORMAT = "dwarf-with-dsym";
				ENABLE_NS_ASSERTIONS = NO;
				ENABLE_STRICT_OBJC_MSGSEND = YES;
				GCC_C_LANGUAGE_STANDARD = gnu11;
				GCC_NO_COMMON_BLOCKS = YES;
				GCC_WARN_64_TO_32_BIT_CONVERSION = YES;
				GCC_WARN_ABOUT_RETURN_TYPE = YES_ERROR;
				GCC_WARN_UNDECLARED_SELECTOR = YES;
				GCC_WARN_UNINITIALIZED_AUTOS = YES_AGGRESSIVE;
				GCC_WARN_UNUSED_FUNCTION = YES;
				GCC_WARN_UNUSED_VARIABLE = YES;
				IPHONEOS_DEPLOYMENT_TARGET = 15.0;
				MTL_ENABLE_DEBUG_INFO = NO;
				MTL_FAST_MATH = YES;
				SDKROOT = iphoneos;
				SWIFT_COMPILATION_MODE = wholemodule;
				SWIFT_OPTIMIZATION_LEVEL = "-O";
				VALIDATE_PRODUCT = YES;
			};
			name = Release;
		};
		9A615358271EA68A00986EFE /* Debug */ = {
			isa = XCBuildConfiguration;
			buildSettings = {
				ASSETCATALOG_COMPILER_APPICON_NAME = AppIcon;
				ASSETCATALOG_COMPILER_GLOBAL_ACCENT_COLOR_NAME = AccentColor;
				CLANG_ENABLE_MODULES = YES;
				CODE_SIGN_STYLE = Automatic;
				CURRENT_PROJECT_VERSION = 1;
				DEVELOPMENT_TEAM = FU2UF7PUK9;
				GENERATE_INFOPLIST_FILE = YES;
				INFOPLIST_FILE = OperationQueueLeak/Info.plist;
				INFOPLIST_KEY_UIApplicationSupportsIndirectInputEvents = YES;
				INFOPLIST_KEY_UILaunchStoryboardName = LaunchScreen;
				INFOPLIST_KEY_UIMainStoryboardFile = Main;
				INFOPLIST_KEY_UISupportedInterfaceOrientations_iPad = "UIInterfaceOrientationPortrait UIInterfaceOrientationPortraitUpsideDown UIInterfaceOrientationLandscapeLeft UIInterfaceOrientationLandscapeRight";
				INFOPLIST_KEY_UISupportedInterfaceOrientations_iPhone = "UIInterfaceOrientationPortrait UIInterfaceOrientationLandscapeLeft UIInterfaceOrientationLandscapeRight";
				LD_RUNPATH_SEARCH_PATHS = (
					"$(inherited)",
					"@executable_path/Frameworks",
				);
				MARKETING_VERSION = 1.0;
				PRODUCT_BUNDLE_IDENTIFIER = xyz.heldesouky.OperationQueueLeak;
				PRODUCT_NAME = "$(TARGET_NAME)";
				SWIFT_EMIT_LOC_STRINGS = YES;
				SWIFT_OBJC_BRIDGING_HEADER = "OperationQueueLeak/OperationQueueLeak-Bridging-Header.h";
				SWIFT_OPTIMIZATION_LEVEL = "-Onone";
				SWIFT_VERSION = 5.0;
				TARGETED_DEVICE_FAMILY = 1;
			};
			name = Debug;
		};
		9A615359271EA68A00986EFE /* Release */ = {
			isa = XCBuildConfiguration;
			buildSettings = {
				ASSETCATALOG_COMPILER_APPICON_NAME = AppIcon;
				ASSETCATALOG_COMPILER_GLOBAL_ACCENT_COLOR_NAME = AccentColor;
				CLANG_ENABLE_MODULES = YES;
				CODE_SIGN_STYLE = Automatic;
				CURRENT_PROJECT_VERSION = 1;
				DEVELOPMENT_TEAM = FU2UF7PUK9;
				GENERATE_INFOPLIST_FILE = YES;
				INFOPLIST_FILE = OperationQueueLeak/Info.plist;
				INFOPLIST_KEY_UIApplicationSupportsIndirectInputEvents = YES;
				INFOPLIST_KEY_UILaunchStoryboardName = LaunchScreen;
				INFOPLIST_KEY_UIMainStoryboardFile = Main;
				INFOPLIST_KEY_UISupportedInterfaceOrientations_iPad = "UIInterfaceOrientationPortrait UIInterfaceOrientationPortraitUpsideDown UIInterfaceOrientationLandscapeLeft UIInterfaceOrientationLandscapeRight";
				INFOPLIST_KEY_UISupportedInterfaceOrientations_iPhone = "UIInterfaceOrientationPortrait UIInterfaceOrientationLandscapeLeft UIInterfaceOrientationLandscapeRight";
				LD_RUNPATH_SEARCH_PATHS = (
					"$(inherited)",
					"@executable_path/Frameworks",
				);
				MARKETING_VERSION = 1.0;
				PRODUCT_BUNDLE_IDENTIFIER = xyz.heldesouky.OperationQueueLeak;
				PRODUCT_NAME = "$(TARGET_NAME)";
				SWIFT_EMIT_LOC_STRINGS = YES;
				SWIFT_OBJC_BRIDGING_HEADER = "OperationQueueLeak/OperationQueueLeak-Bridging-Header.h";
				SWIFT_VERSION = 5.0;
				TARGETED_DEVICE_FAMILY = 1;
			};
			name = Release;
		};
/* End XCBuildConfiguration section */

/* Begin XCConfigurationList section */
		9A61533E271EA68900986EFE /* Build configuration list for PBXProject "OperationQueueLeak" */ = {
			isa = XCConfigurationList;
			buildConfigurations = (
				9A615355271EA68A00986EFE /* Debug */,
				9A615356271EA68A00986EFE /* Release */,
			);
			defaultConfigurationIsVisible = 0;
			defaultConfigurationName = Release;
		};
		9A615357271EA68A00986EFE /* Build configuration list for PBXNativeTarget "OperationQueueLeak" */ = {
			isa = XCConfigurationList;
			buildConfigurations = (
				9A615358271EA68A00986EFE /* Debug */,
				9A615359271EA68A00986EFE /* Release */,
			);
			defaultConfigurationIsVisible = 0;
			defaultConfigurationName = Release;
		};
/* End XCConfigurationList section */
	};
	rootObject = 9A61533B271EA68900986EFE /* Project object */;
}
